
Microsoft Visual Studio Solution File, Format Version 12.00
# Visual Studio 2012
Project("{FAE04EC0-301F-11D3-BF4B-00C04F79EFBC}") = "Locator", "Locator\Locator.csproj", "{062B32D7-93A7-4418-88BB-30436AF6FD66}"
EndProject
Project("{FAE04EC0-301F-11D3-BF4B-00C04F79EFBC}") = "Locator.DAL", "Locator.DAL\Locator.DAL.csproj", "{5198FD0F-2574-45DE-9A60-122A6417622A}"
EndProject
Project("{FAE04EC0-301F-11D3-BF4B-00C04F79EFBC}") = "Locator.BLL", "Locator.BLL\Locator.BLL.csproj", "{2993DE27-4B24-4E80-8B2A-64CB77FEDB1B}"
EndProject
Project("{FAE04EC0-301F-11D3-BF4B-00C04F79EFBC}") = "Locator.Models", "Locator.Models\Locator.Models.csproj", "{DFB5B4CD-16D9-4D40-A989-30AC0EA0E2C7}"
EndProject
Global
	GlobalSection(SolutionConfigurationPlatforms) = preSolution
		Debug|Any CPU = Debug|Any CPU
		Release|Any CPU = Release|Any CPU
	EndGlobalSection
	GlobalSection(ProjectConfigurationPlatforms) = postSolution
		{062B32D7-93A7-4418-88BB-30436AF6FD66}.Debug|Any CPU.ActiveCfg = Debug|Any CPU
		{062B32D7-93A7-4418-88BB-30436AF6FD66}.Debug|Any CPU.Build.0 = Debug|Any CPU
		{062B32D7-93A7-4418-88BB-30436AF6FD66}.Release|Any CPU.ActiveCfg = Release|Any CPU
		{062B32D7-93A7-4418-88BB-30436AF6FD66}.Release|Any CPU.Build.0 = Release|Any CPU
		{5198FD0F-2574-45DE-9A60-122A6417622A}.Debug|Any CPU.ActiveCfg = Debug|Any CPU
		{5198FD0F-2574-45DE-9A60-122A6417622A}.Debug|Any CPU.Build.0 = Debug|Any CPU
		{5198FD0F-2574-45DE-9A60-122A6417622A}.Release|Any CPU.ActiveCfg = Release|Any CPU
		{5198FD0F-2574-45DE-9A60-122A6417622A}.Release|Any CPU.Build.0 = Release|Any CPU
		{2993DE27-4B24-4E80-8B2A-64CB77FEDB1B}.Debug|Any CPU.ActiveCfg = Debug|Any CPU
		{2993DE27-4B24-4E80-8B2A-64CB77FEDB1B}.Debug|Any CPU.Build.0 = Debug|Any CPU
		{2993DE27-4B24-4E80-8B2A-64CB77FEDB1B}.Release|Any CPU.ActiveCfg = Release|Any CPU
		{2993DE27-4B24-4E80-8B2A-64CB77FEDB1B}.Release|Any CPU.Build.0 = Release|Any CPU
		{DFB5B4CD-16D9-4D40-A989-30AC0EA0E2C7}.Debug|Any CPU.ActiveCfg = Debug|Any CPU
		{DFB5B4CD-16D9-4D40-A989-30AC0EA0E2C7}.Debug|Any CPU.Build.0 = Debug|Any CPU
		{DFB5B4CD-16D9-4D40-A989-30AC0EA0E2C7}.Release|Any CPU.ActiveCfg = Release|Any CPU
		{DFB5B4CD-16D9-4D40-A989-30AC0EA0E2C7}.Release|Any CPU.Build.0 = Release|Any CPU
	EndGlobalSection
	GlobalSection(SolutionProperties) = preSolution
		HideSolutionNode = FALSE
	EndGlobalSection
EndGlobal
